
Microsoft Visual Studio Solution File, Format Version 12.00
# Visual Studio Version 17
VisualStudioVersion = 17.5.002.0
MinimumVisualStudioVersion = 10.0.40219.1
Project("{2150E333-8FDC-42A3-9474-1A3956D46DE8}") = "src", "src", "{D555ACE2-0831-49A2-830F-2782519271EB}"
EndProject
Project("{9A19103F-16F7-4668-BE54-9A1E7A4F7556}") = "rag-ai-search", "src\rag-ai-search\rag-ai-search.csproj", "{F14212F1-D1CD-46DC-BEE4-5DE7FECD48A9}"
EndProject
Project("{9A19103F-16F7-4668-BE54-9A1E7A4F7556}") = "sam-report-generator", "src\sam-report-generator\sam-report-generator.csproj", "{CC5A49ED-8117-4FE5-87B1-734131436FDF}"
EndProject
Global
	GlobalSection(SolutionConfigurationPlatforms) = preSolution
		Debug|Any CPU = Debug|Any CPU
		Release|Any CPU = Release|Any CPU
	EndGlobalSection
	GlobalSection(ProjectConfigurationPlatforms) = postSolution
		{F14212F1-D1CD-46DC-BEE4-5DE7FECD48A9}.Debug|Any CPU.ActiveCfg = Debug|Any CPU
		{F14212F1-D1CD-46DC-BEE4-5DE7FECD48A9}.Debug|Any CPU.Build.0 = Debug|Any CPU
		{F14212F1-D1CD-46DC-BEE4-5DE7FECD48A9}.Release|Any CPU.ActiveCfg = Release|Any CPU
		{F14212F1-D1CD-46DC-BEE4-5DE7FECD48A9}.Release|Any CPU.Build.0 = Release|Any CPU
		{CC5A49ED-8117-4FE5-87B1-734131436FDF}.Debug|Any CPU.ActiveCfg = Debug|Any CPU
		{CC5A49ED-8117-4FE5-87B1-734131436FDF}.Debug|Any CPU.Build.0 = Debug|Any CPU
		{CC5A49ED-8117-4FE5-87B1-734131436FDF}.Release|Any CPU.ActiveCfg = Release|Any CPU
		{CC5A49ED-8117-4FE5-87B1-734131436FDF}.Release|Any CPU.Build.0 = Release|Any CPU
	EndGlobalSection
	GlobalSection(SolutionProperties) = preSolution
		HideSolutionNode = FALSE
	EndGlobalSection
	GlobalSection(NestedProjects) = preSolution
		{F14212F1-D1CD-46DC-BEE4-5DE7FECD48A9} = {D555ACE2-0831-49A2-830F-2782519271EB}
		{CC5A49ED-8117-4FE5-87B1-734131436FDF} = {D555ACE2-0831-49A2-830F-2782519271EB}
	EndGlobalSection
	GlobalSection(ExtensibilityGlobals) = postSolution
		SolutionGuid = {860FF6A5-968B-45B5-BF71-A6A795CA9A8C}
	EndGlobalSection
EndGlobal
