
Microsoft Visual Studio Solution File, Format Version 12.00
# Visual Studio Version 17
VisualStudioVersion = 17.5.002.0
MinimumVisualStudioVersion = 10.0.40219.1
Project("{9A19103F-16F7-4668-BE54-9A1E7A4F7556}") = "demo-ai-semantic-kernel", "demo-ai-semantic-kernel.csproj", "{5212A7D7-3441-49CD-90C5-F32967417DFD}"
EndProject
Global
	GlobalSection(SolutionConfigurationPlatforms) = preSolution
		Debug|Any CPU = Debug|Any CPU
		Release|Any CPU = Release|Any CPU
	EndGlobalSection
	GlobalSection(ProjectConfigurationPlatforms) = postSolution
		{5212A7D7-3441-49CD-90C5-F32967417DFD}.Debug|Any CPU.ActiveCfg = Debug|Any CPU
		{5212A7D7-3441-49CD-90C5-F32967417DFD}.Debug|Any CPU.Build.0 = Debug|Any CPU
		{5212A7D7-3441-49CD-90C5-F32967417DFD}.Release|Any CPU.ActiveCfg = Release|Any CPU
		{5212A7D7-3441-49CD-90C5-F32967417DFD}.Release|Any CPU.Build.0 = Release|Any CPU
	EndGlobalSection
	GlobalSection(SolutionProperties) = preSolution
		HideSolutionNode = FALSE
	EndGlobalSection
	GlobalSection(ExtensibilityGlobals) = postSolution
		SolutionGuid = {65A8BAC6-90D7-4C98-A4BE-AA9A557A2690}
	EndGlobalSection
EndGlobal
