
Microsoft Visual Studio Solution File, Format Version 12.00
# Visual Studio Version 17
VisualStudioVersion = 17.5.002.0
MinimumVisualStudioVersion = 10.0.40219.1
Project("{9A19103F-16F7-4668-BE54-9A1E7A4F7556}") = "wd-mainboardgpt", "wd-mainboardgpt.csproj", "{AEFC7FFD-EC82-4D37-AEC7-9A90462B46FB}"
EndProject
Global
	GlobalSection(SolutionConfigurationPlatforms) = preSolution
		Debug|Any CPU = Debug|Any CPU
		Release|Any CPU = Release|Any CPU
	EndGlobalSection
	GlobalSection(ProjectConfigurationPlatforms) = postSolution
		{AEFC7FFD-EC82-4D37-AEC7-9A90462B46FB}.Debug|Any CPU.ActiveCfg = Debug|Any CPU
		{AEFC7FFD-EC82-4D37-AEC7-9A90462B46FB}.Debug|Any CPU.Build.0 = Debug|Any CPU
		{AEFC7FFD-EC82-4D37-AEC7-9A90462B46FB}.Release|Any CPU.ActiveCfg = Release|Any CPU
		{AEFC7FFD-EC82-4D37-AEC7-9A90462B46FB}.Release|Any CPU.Build.0 = Release|Any CPU
	EndGlobalSection
	GlobalSection(SolutionProperties) = preSolution
		HideSolutionNode = FALSE
	EndGlobalSection
	GlobalSection(ExtensibilityGlobals) = postSolution
		SolutionGuid = {2C496346-4EA6-4ABF-83F3-EDF88F34F80A}
	EndGlobalSection
EndGlobal
